// !$*UTF8*$!
{
	archiveVersion = 1;
	classes = {
	};
	objectVersion = 48;
	objects = {

/* Begin PBXBuildFile section */
		7318E52B20F378E800C7B66F /* AppDelegate.swift in Sources */ = {isa = PBXBuildFile; fileRef = 7318E52A20F378E800C7B66F /* AppDelegate.swift */; };
		7318E52D20F378E800C7B66F /* ViewController.swift in Sources */ = {isa = PBXBuildFile; fileRef = 7318E52C20F378E800C7B66F /* ViewController.swift */; };
		7318E53020F378E800C7B66F /* Main.storyboard in Resources */ = {isa = PBXBuildFile; fileRef = 7318E52E20F378E800C7B66F /* Main.storyboard */; };
		7318E53220F378E800C7B66F /* Assets.xcassets in Resources */ = {isa = PBXBuildFile; fileRef = 7318E53120F378E800C7B66F /* Assets.xcassets */; };
		7318E53520F378E800C7B66F /* LaunchScreen.storyboard in Resources */ = {isa = PBXBuildFile; fileRef = 7318E53320F378E800C7B66F /* LaunchScreen.storyboard */; };
		7318E54020F378E800C7B66F /* TransitionTests.swift in Sources */ = {isa = PBXBuildFile; fileRef = 7318E53F20F378E800C7B66F /* TransitionTests.swift */; };
		7318E54B20F378E800C7B66F /* TransitionUITests.swift in Sources */ = {isa = PBXBuildFile; fileRef = 7318E54A20F378E800C7B66F /* TransitionUITests.swift */; };
/* End PBXBuildFile section */

/* Begin PBXContainerItemProxy section */
		7318E53C20F378E800C7B66F /* PBXContainerItemProxy */ = {
			isa = PBXContainerItemProxy;
			containerPortal = 7318E51F20F378E800C7B66F /* Project object */;
			proxyType = 1;
			remoteGlobalIDString = 7318E52620F378E800C7B66F;
			remoteInfo = Transition;
		};
		7318E54720F378E800C7B66F /* PBXContainerItemProxy */ = {
			isa = PBXContainerItemProxy;
			containerPortal = 7318E51F20F378E800C7B66F /* Project object */;
			proxyType = 1;
			remoteGlobalIDString = 7318E52620F378E800C7B66F;
			remoteInfo = Transition;
		};
/* End PBXContainerItemProxy section */

/* Begin PBXFileReference section */
		7318E52720F378E800C7B66F /* Transition.app */ = {isa = PBXFileReference; explicitFileType = wrapper.application; includeInIndex = 0; path = Transition.app; sourceTree = BUILT_PRODUCTS_DIR; };
		7318E52A20F378E800C7B66F /* AppDelegate.swift */ = {isa = PBXFileReference; lastKnownFileType = sourcecode.swift; path = AppDelegate.swift; sourceTree = "<group>"; };
		7318E52C20F378E800C7B66F /* ViewController.swift */ = {isa = PBXFileReference; lastKnownFileType = sourcecode.swift; path = ViewController.swift; sourceTree = "<group>"; };
		7318E52F20F378E800C7B66F /* Base */ = {isa = PBXFileReference; lastKnownFileType = file.storyboard; name = Base; path = Base.lproj/Main.storyboard; sourceTree = "<group>"; };
		7318E53120F378E800C7B66F /* Assets.xcassets */ = {isa = PBXFileReference; lastKnownFileType = folder.assetcatalog; path = Assets.xcassets; sourceTree = "<group>"; };
		7318E53420F378E800C7B66F /* Base */ = {isa = PBXFileReference; lastKnownFileType = file.storyboard; name = Base; path = Base.lproj/LaunchScreen.storyboard; sourceTree = "<group>"; };
		7318E53620F378E800C7B66F /* Info.plist */ = {isa = PBXFileReference; lastKnownFileType = text.plist.xml; path = Info.plist; sourceTree = "<group>"; };
		7318E53B20F378E800C7B66F /* TransitionTests.xctest */ = {isa = PBXFileReference; explicitFileType = wrapper.cfbundle; includeInIndex = 0; path = TransitionTests.xctest; sourceTree = BUILT_PRODUCTS_DIR; };
		7318E53F20F378E800C7B66F /* TransitionTests.swift */ = {isa = PBXFileReference; lastKnownFileType = sourcecode.swift; path = TransitionTests.swift; sourceTree = "<group>"; };
		7318E54120F378E800C7B66F /* Info.plist */ = {isa = PBXFileReference; lastKnownFileType = text.plist.xml; path = Info.plist; sourceTree = "<group>"; };
		7318E54620F378E800C7B66F /* TransitionUITests.xctest */ = {isa = PBXFileReference; explicitFileType = wrapper.cfbundle; includeInIndex = 0; path = TransitionUITests.xctest; sourceTree = BUILT_PRODUCTS_DIR; };
		7318E54A20F378E800C7B66F /* TransitionUITests.swift */ = {isa = PBXFileReference; lastKnownFileType = sourcecode.swift; path = TransitionUITests.swift; sourceTree = "<group>"; };
		7318E54C20F378E800C7B66F /* Info.plist */ = {isa = PBXFileReference; lastKnownFileType = text.plist.xml; path = Info.plist; sourceTree = "<group>"; };
/* End PBXFileReference section */

/* Begin PBXFrameworksBuildPhase section */
		7318E52420F378E800C7B66F /* Frameworks */ = {
			isa = PBXFrameworksBuildPhase;
			buildActionMask = 2147483647;
			files = (
			);
			runOnlyForDeploymentPostprocessing = 0;
		};
		7318E53820F378E800C7B66F /* Frameworks */ = {
			isa = PBXFrameworksBuildPhase;
			buildActionMask = 2147483647;
			files = (
			);
			runOnlyForDeploymentPostprocessing = 0;
		};
		7318E54320F378E800C7B66F /* Frameworks */ = {
			isa = PBXFrameworksBuildPhase;
			buildActionMask = 2147483647;
			files = (
			);
			runOnlyForDeploymentPostprocessing = 0;
		};
/* End PBXFrameworksBuildPhase section */

/* Begin PBXGroup section */
		7318E51E20F378E800C7B66F = {
			isa = PBXGroup;
			children = (
				7318E52920F378E800C7B66F /* Transition */,
				7318E53E20F378E800C7B66F /* TransitionTests */,
				7318E54920F378E800C7B66F /* TransitionUITests */,
				7318E52820F378E800C7B66F /* Products */,
			);
			sourceTree = "<group>";
		};
		7318E52820F378E800C7B66F /* Products */ = {
			isa = PBXGroup;
			children = (
				7318E52720F378E800C7B66F /* Transition.app */,
				7318E53B20F378E800C7B66F /* TransitionTests.xctest */,
				7318E54620F378E800C7B66F /* TransitionUITests.xctest */,
			);
			name = Products;
			sourceTree = "<group>";
		};
		7318E52920F378E800C7B66F /* Transition */ = {
			isa = PBXGroup;
			children = (
				7318E52A20F378E800C7B66F /* AppDelegate.swift */,
				7318E52C20F378E800C7B66F /* ViewController.swift */,
				7318E52E20F378E800C7B66F /* Main.storyboard */,
				7318E53120F378E800C7B66F /* Assets.xcassets */,
				7318E53320F378E800C7B66F /* LaunchScreen.storyboard */,
				7318E53620F378E800C7B66F /* Info.plist */,
			);
			path = Transition;
			sourceTree = "<group>";
		};
		7318E53E20F378E800C7B66F /* TransitionTests */ = {
			isa = PBXGroup;
			children = (
				7318E53F20F378E800C7B66F /* TransitionTests.swift */,
				7318E54120F378E800C7B66F /* Info.plist */,
			);
			path = TransitionTests;
			sourceTree = "<group>";
		};
		7318E54920F378E800C7B66F /* TransitionUITests */ = {
			isa = PBXGroup;
			children = (
				7318E54A20F378E800C7B66F /* TransitionUITests.swift */,
				7318E54C20F378E800C7B66F /* Info.plist */,
			);
			path = TransitionUITests;
			sourceTree = "<group>";
		};
/* End PBXGroup section */

/* Begin PBXNativeTarget section */
		7318E52620F378E800C7B66F /* Transition */ = {
			isa = PBXNativeTarget;
			buildConfigurationList = 7318E54F20F378E800C7B66F /* Build configuration list for PBXNativeTarget "Transition" */;
			buildPhases = (
				7318E52320F378E800C7B66F /* Sources */,
				7318E52420F378E800C7B66F /* Frameworks */,
				7318E52520F378E800C7B66F /* Resources */,
			);
			buildRules = (
			);
			dependencies = (
			);
			name = Transition;
			productName = Transition;
			productReference = 7318E52720F378E800C7B66F /* Transition.app */;
			productType = "com.apple.product-type.application";
		};
		7318E53A20F378E800C7B66F /* TransitionTests */ = {
			isa = PBXNativeTarget;
			buildConfigurationList = 7318E55220F378E800C7B66F /* Build configuration list for PBXNativeTarget "TransitionTests" */;
			buildPhases = (
				7318E53720F378E800C7B66F /* Sources */,
				7318E53820F378E800C7B66F /* Frameworks */,
				7318E53920F378E800C7B66F /* Resources */,
			);
			buildRules = (
			);
			dependencies = (
				7318E53D20F378E800C7B66F /* PBXTargetDependency */,
			);
			name = TransitionTests;
			productName = TransitionTests;
			productReference = 7318E53B20F378E800C7B66F /* TransitionTests.xctest */;
			productType = "com.apple.product-type.bundle.unit-test";
		};
		7318E54520F378E800C7B66F /* TransitionUITests */ = {
			isa = PBXNativeTarget;
			buildConfigurationList = 7318E55520F378E800C7B66F /* Build configuration list for PBXNativeTarget "TransitionUITests" */;
			buildPhases = (
				7318E54220F378E800C7B66F /* Sources */,
				7318E54320F378E800C7B66F /* Frameworks */,
				7318E54420F378E800C7B66F /* Resources */,
			);
			buildRules = (
			);
			dependencies = (
				7318E54820F378E800C7B66F /* PBXTargetDependency */,
			);
			name = TransitionUITests;
			productName = TransitionUITests;
			productReference = 7318E54620F378E800C7B66F /* TransitionUITests.xctest */;
			productType = "com.apple.product-type.bundle.ui-testing";
		};
/* End PBXNativeTarget section */

/* Begin PBXProject section */
		7318E51F20F378E800C7B66F /* Project object */ = {
			isa = PBXProject;
			attributes = {
				LastSwiftUpdateCheck = 0920;
				LastUpgradeCheck = 0920;
				ORGANIZATIONNAME = "Rumana Rahman";
				TargetAttributes = {
					7318E52620F378E800C7B66F = {
						CreatedOnToolsVersion = 9.2;
						ProvisioningStyle = Automatic;
					};
					7318E53A20F378E800C7B66F = {
						CreatedOnToolsVersion = 9.2;
						ProvisioningStyle = Automatic;
						TestTargetID = 7318E52620F378E800C7B66F;
					};
					7318E54520F378E800C7B66F = {
						CreatedOnToolsVersion = 9.2;
						ProvisioningStyle = Automatic;
						TestTargetID = 7318E52620F378E800C7B66F;
					};
				};
			};
			buildConfigurationList = 7318E52220F378E800C7B66F /* Build configuration list for PBXProject "Transition" */;
			compatibilityVersion = "Xcode 8.0";
			developmentRegion = en;
			hasScannedForEncodings = 0;
			knownRegions = (
				en,
				Base,
			);
			mainGroup = 7318E51E20F378E800C7B66F;
			productRefGroup = 7318E52820F378E800C7B66F /* Products */;
			projectDirPath = "";
			projectRoot = "";
			targets = (
				7318E52620F378E800C7B66F /* Transition */,
				7318E53A20F378E800C7B66F /* TransitionTests */,
				7318E54520F378E800C7B66F /* TransitionUITests */,
			);
		};
/* End PBXProject section */

/* Begin PBXResourcesBuildPhase section */
		7318E52520F378E800C7B66F /* Resources */ = {
			isa = PBXResourcesBuildPhase;
			buildActionMask = 2147483647;
			files = (
				7318E53520F378E800C7B66F /* LaunchScreen.storyboard in Resources */,
				7318E53220F378E800C7B66F /* Assets.xcassets in Resources */,
				7318E53020F378E800C7B66F /* Main.storyboard in Resources */,
			);
			runOnlyForDeploymentPostprocessing = 0;
		};
		7318E53920F378E800C7B66F /* Resources */ = {
			isa = PBXResourcesBuildPhase;
			buildActionMask = 2147483647;
			files = (
			);
			runOnlyForDeploymentPostprocessing = 0;
		};
		7318E54420F378E800C7B66F /* Resources */ = {
			isa = PBXResourcesBuildPhase;
			buildActionMask = 2147483647;
			files = (
			);
			runOnlyForDeploymentPostprocessing = 0;
		};
/* End PBXResourcesBuildPhase section */

/* Begin PBXSourcesBuildPhase section */
		7318E52320F378E800C7B66F /* Sources */ = {
			isa = PBXSourcesBuildPhase;
			buildActionMask = 2147483647;
			files = (
				7318E52D20F378E800C7B66F /* ViewController.swift in Sources */,
				7318E52B20F378E800C7B66F /* AppDelegate.swift in Sources */,
			);
			runOnlyForDeploymentPostprocessing = 0;
		};
		7318E53720F378E800C7B66F /* Sources */ = {
			isa = PBXSourcesBuildPhase;
			buildActionMask = 2147483647;
			files = (
				7318E54020F378E800C7B66F /* TransitionTests.swift in Sources */,
			);
			runOnlyForDeploymentPostprocessing = 0;
		};
		7318E54220F378E800C7B66F /* Sources */ = {
			isa = PBXSourcesBuildPhase;
			buildActionMask = 2147483647;
			files = (
				7318E54B20F378E800C7B66F /* TransitionUITests.swift in Sources */,
			);
			runOnlyForDeploymentPostprocessing = 0;
		};
/* End PBXSourcesBuildPhase section */

/* Begin PBXTargetDependency section */
		7318E53D20F378E800C7B66F /* PBXTargetDependency */ = {
			isa = PBXTargetDependency;
			target = 7318E52620F378E800C7B66F /* Transition */;
			targetProxy = 7318E53C20F378E800C7B66F /* PBXContainerItemProxy */;
		};
		7318E54820F378E800C7B66F /* PBXTargetDependency */ = {
			isa = PBXTargetDependency;
			target = 7318E52620F378E800C7B66F /* Transition */;
			targetProxy = 7318E54720F378E800C7B66F /* PBXContainerItemProxy */;
		};
/* End PBXTargetDependency section */

/* Begin PBXVariantGroup section */
		7318E52E20F378E800C7B66F /* Main.storyboard */ = {
			isa = PBXVariantGroup;
			children = (
				7318E52F20F378E800C7B66F /* Base */,
			);
			name = Main.storyboard;
			sourceTree = "<group>";
		};
		7318E53320F378E800C7B66F /* LaunchScreen.storyboard */ = {
			isa = PBXVariantGroup;
			children = (
				7318E53420F378E800C7B66F /* Base */,
			);
			name = LaunchScreen.storyboard;
			sourceTree = "<group>";
		};
/* End PBXVariantGroup section */

/* Begin XCBuildConfiguration section */
		7318E54D20F378E800C7B66F /* Debug */ = {
			isa = XCBuildConfiguration;
			buildSettings = {
				ALWAYS_SEARCH_USER_PATHS = NO;
				CLANG_ANALYZER_NONNULL = YES;
				CLANG_ANALYZER_NUMBER_OBJECT_CONVERSION = YES_AGGRESSIVE;
				CLANG_CXX_LANGUAGE_STANDARD = "gnu++14";
				CLANG_CXX_LIBRARY = "libc++";
				CLANG_ENABLE_MODULES = YES;
				CLANG_ENABLE_OBJC_ARC = YES;
				CLANG_WARN_BLOCK_CAPTURE_AUTORELEASING = YES;
				CLANG_WARN_BOOL_CONVERSION = YES;
				CLANG_WARN_COMMA = YES;
				CLANG_WARN_CONSTANT_CONVERSION = YES;
				CLANG_WARN_DIRECT_OBJC_ISA_USAGE = YES_ERROR;
				CLANG_WARN_DOCUMENTATION_COMMENTS = YES;
				CLANG_WARN_EMPTY_BODY = YES;
				CLANG_WARN_ENUM_CONVERSION = YES;
				CLANG_WARN_INFINITE_RECURSION = YES;
				CLANG_WARN_INT_CONVERSION = YES;
				CLANG_WARN_NON_LITERAL_NULL_CONVERSION = YES;
				CLANG_WARN_OBJC_LITERAL_CONVERSION = YES;
				CLANG_WARN_OBJC_ROOT_CLASS = YES_ERROR;
				CLANG_WARN_RANGE_LOOP_ANALYSIS = YES;
				CLANG_WARN_STRICT_PROTOTYPES = YES;
				CLANG_WARN_SUSPICIOUS_MOVE = YES;
				CLANG_WARN_UNGUARDED_AVAILABILITY = YES_AGGRESSIVE;
				CLANG_WARN_UNREACHABLE_CODE = YES;
				CLANG_WARN__DUPLICATE_METHOD_MATCH = YES;
				CODE_SIGN_IDENTITY = "iPhone Developer";
				COPY_PHASE_STRIP = NO;
				DEBUG_INFORMATION_FORMAT = dwarf;
				ENABLE_STRICT_OBJC_MSGSEND = YES;
				ENABLE_TESTABILITY = YES;
				GCC_C_LANGUAGE_STANDARD = gnu11;
				GCC_DYNAMIC_NO_PIC = NO;
				GCC_NO_COMMON_BLOCKS = YES;
				GCC_OPTIMIZATION_LEVEL = 0;
				GCC_PREPROCESSOR_DEFINITIONS = (
					"DEBUG=1",
					"$(inherited)",
				);
				GCC_WARN_64_TO_32_BIT_CONVERSION = YES;
				GCC_WARN_ABOUT_RETURN_TYPE = YES_ERROR;
				GCC_WARN_UNDECLARED_SELECTOR = YES;
				GCC_WARN_UNINITIALIZED_AUTOS = YES_AGGRESSIVE;
				GCC_WARN_UNUSED_FUNCTION = YES;
				GCC_WARN_UNUSED_VARIABLE = YES;
				IPHONEOS_DEPLOYMENT_TARGET = 11.2;
				MTL_ENABLE_DEBUG_INFO = YES;
				ONLY_ACTIVE_ARCH = YES;
				SDKROOT = iphoneos;
				SWIFT_ACTIVE_COMPILATION_CONDITIONS = DEBUG;
				SWIFT_OPTIMIZATION_LEVEL = "-Onone";
			};
			name = Debug;
		};
		7318E54E20F378E800C7B66F /* Release */ = {
			isa = XCBuildConfiguration;
			buildSettings = {
				ALWAYS_SEARCH_USER_PATHS = NO;
				CLANG_ANALYZER_NONNULL = YES;
				CLANG_ANALYZER_NUMBER_OBJECT_CONVERSION = YES_AGGRESSIVE;
				CLANG_CXX_LANGUAGE_STANDARD = "gnu++14";
				CLANG_CXX_LIBRARY = "libc++";
				CLANG_ENABLE_MODULES = YES;
				CLANG_ENABLE_OBJC_ARC = YES;
				CLANG_WARN_BLOCK_CAPTURE_AUTORELEASING = YES;
				CLANG_WARN_BOOL_CONVERSION = YES;
				CLANG_WARN_COMMA = YES;
				CLANG_WARN_CONSTANT_CONVERSION = YES;
				CLANG_WARN_DIRECT_OBJC_ISA_USAGE = YES_ERROR;
				CLANG_WARN_DOCUMENTATION_COMMENTS = YES;
				CLANG_WARN_EMPTY_BODY = YES;
				CLANG_WARN_ENUM_CONVERSION = YES;
				CLANG_WARN_INFINITE_RECURSION = YES;
				CLANG_WARN_INT_CONVERSION = YES;
				CLANG_WARN_NON_LITERAL_NULL_CONVERSION = YES;
				CLANG_WARN_OBJC_LITERAL_CONVERSION = YES;
				CLANG_WARN_OBJC_ROOT_CLASS = YES_ERROR;
				CLANG_WARN_RANGE_LOOP_ANALYSIS = YES;
				CLANG_WARN_STRICT_PROTOTYPES = YES;
				CLANG_WARN_SUSPICIOUS_MOVE = YES;
				CLANG_WARN_UNGUARDED_AVAILABILITY = YES_AGGRESSIVE;
				CLANG_WARN_UNREACHABLE_CODE = YES;
				CLANG_WARN__DUPLICATE_METHOD_MATCH = YES;
				CODE_SIGN_IDENTITY = "iPhone Developer";
				COPY_PHASE_STRIP = NO;
				DEBUG_INFORMATION_FORMAT = "dwarf-with-dsym";
				ENABLE_NS_ASSERTIONS = NO;
				ENABLE_STRICT_OBJC_MSGSEND = YES;
				GCC_C_LANGUAGE_STANDARD = gnu11;
				GCC_NO_COMMON_BLOCKS = YES;
				GCC_WARN_64_TO_32_BIT_CONVERSION = YES;
				GCC_WARN_ABOUT_RETURN_TYPE = YES_ERROR;
				GCC_WARN_UNDECLARED_SELECTOR = YES;
				GCC_WARN_UNINITIALIZED_AUTOS = YES_AGGRESSIVE;
				GCC_WARN_UNUSED_FUNCTION = YES;
				GCC_WARN_UNUSED_VARIABLE = YES;
				IPHONEOS_DEPLOYMENT_TARGET = 11.2;
				MTL_ENABLE_DEBUG_INFO = NO;
				SDKROOT = iphoneos;
				SWIFT_OPTIMIZATION_LEVEL = "-Owholemodule";
				VALIDATE_PRODUCT = YES;
			};
			name = Release;
		};
		7318E55020F378E800C7B66F /* Debug */ = {
			isa = XCBuildConfiguration;
			buildSettings = {
				ASSETCATALOG_COMPILER_APPICON_NAME = AppIcon;
				CODE_SIGN_STYLE = Automatic;
				DEVELOPMENT_TEAM = 96VA44QTD2;
				INFOPLIST_FILE = Transition/Info.plist;
				LD_RUNPATH_SEARCH_PATHS = "$(inherited) @executable_path/Frameworks";
				PRODUCT_BUNDLE_IDENTIFIER = com.extension.Transition;
				PRODUCT_NAME = "$(TARGET_NAME)";
				SWIFT_VERSION = 4.0;
				TARGETED_DEVICE_FAMILY = "1,2";
			};
			name = Debug;
		};
		7318E55120F378E800C7B66F /* Release */ = {
			isa = XCBuildConfiguration;
			buildSettings = {
				ASSETCATALOG_COMPILER_APPICON_NAME = AppIcon;
				CODE_SIGN_STYLE = Automatic;
				DEVELOPMENT_TEAM = 96VA44QTD2;
				INFOPLIST_FILE = Transition/Info.plist;
				LD_RUNPATH_SEARCH_PATHS = "$(inherited) @executable_path/Frameworks";
				PRODUCT_BUNDLE_IDENTIFIER = com.extension.Transition;
				PRODUCT_NAME = "$(TARGET_NAME)";
				SWIFT_VERSION = 4.0;
				TARGETED_DEVICE_FAMILY = "1,2";
			};
			name = Release;
		};
		7318E55320F378E800C7B66F /* Debug */ = {
			isa = XCBuildConfiguration;
			buildSettings = {
				ALWAYS_EMBED_SWIFT_STANDARD_LIBRARIES = YES;
				BUNDLE_LOADER = "$(TEST_HOST)";
				CODE_SIGN_STYLE = Automatic;
				DEVELOPMENT_TEAM = 96VA44QTD2;
				INFOPLIST_FILE = TransitionTests/Info.plist;
				LD_RUNPATH_SEARCH_PATHS = "$(inherited) @executable_path/Frameworks @loader_path/Frameworks";
				PRODUCT_BUNDLE_IDENTIFIER = com.extension.TransitionTests;
				PRODUCT_NAME = "$(TARGET_NAME)";
				SWIFT_VERSION = 4.0;
				TARGETED_DEVICE_FAMILY = "1,2";
				TEST_HOST = "$(BUILT_PRODUCTS_DIR)/Transition.app/Transition";
			};
			name = Debug;
		};
		7318E55420F378E800C7B66F /* Release */ = {
			isa = XCBuildConfiguration;
			buildSettings = {
				ALWAYS_EMBED_SWIFT_STANDARD_LIBRARIES = YES;
				BUNDLE_LOADER = "$(TEST_HOST)";
				CODE_SIGN_STYLE = Automatic;
				DEVELOPMENT_TEAM = 96VA44QTD2;
				INFOPLIST_FILE = TransitionTests/Info.plist;
				LD_RUNPATH_SEARCH_PATHS = "$(inherited) @executable_path/Frameworks @loader_path/Frameworks";
				PRODUCT_BUNDLE_IDENTIFIER = com.extension.TransitionTests;
				PRODUCT_NAME = "$(TARGET_NAME)";
				SWIFT_VERSION = 4.0;
				TARGETED_DEVICE_FAMILY = "1,2";
				TEST_HOST = "$(BUILT_PRODUCTS_DIR)/Transition.app/Transition";
			};
			name = Release;
		};
		7318E55620F378E800C7B66F /* Debug */ = {
			isa = XCBuildConfiguration;
			buildSettings = {
				ALWAYS_EMBED_SWIFT_STANDARD_LIBRARIES = YES;
				CODE_SIGN_STYLE = Automatic;
				DEVELOPMENT_TEAM = 96VA44QTD2;
				INFOPLIST_FILE = TransitionUITests/Info.plist;
				LD_RUNPATH_SEARCH_PATHS = "$(inherited) @executable_path/Frameworks @loader_path/Frameworks";
				PRODUCT_BUNDLE_IDENTIFIER = com.extension.TransitionUITests;
				PRODUCT_NAME = "$(TARGET_NAME)";
				SWIFT_VERSION = 4.0;
				TARGETED_DEVICE_FAMILY = "1,2";
				TEST_TARGET_NAME = Transition;
			};
			name = Debug;
		};
		7318E55720F378E800C7B66F /* Release */ = {
			isa = XCBuildConfiguration;
			buildSettings = {
				ALWAYS_EMBED_SWIFT_STANDARD_LIBRARIES = YES;
				CODE_SIGN_STYLE = Automatic;
				DEVELOPMENT_TEAM = 96VA44QTD2;
				INFOPLIST_FILE = TransitionUITests/Info.plist;
				LD_RUNPATH_SEARCH_PATHS = "$(inherited) @executable_path/Frameworks @loader_path/Frameworks";
				PRODUCT_BUNDLE_IDENTIFIER = com.extension.TransitionUITests;
				PRODUCT_NAME = "$(TARGET_NAME)";
				SWIFT_VERSION = 4.0;
				TARGETED_DEVICE_FAMILY = "1,2";
				TEST_TARGET_NAME = Transition;
			};
			name = Release;
		};
/* End XCBuildConfiguration section */

/* Begin XCConfigurationList section */
		7318E52220F378E800C7B66F /* Build configuration list for PBXProject "Transition" */ = {
			isa = XCConfigurationList;
			buildConfigurations = (
				7318E54D20F378E800C7B66F /* Debug */,
				7318E54E20F378E800C7B66F /* Release */,
			);
			defaultConfigurationIsVisible = 0;
			defaultConfigurationName = Release;
		};
		7318E54F20F378E800C7B66F /* Build configuration list for PBXNativeTarget "Transition" */ = {
			isa = XCConfigurationList;
			buildConfigurations = (
				7318E55020F378E800C7B66F /* Debug */,
				7318E55120F378E800C7B66F /* Release */,
			);
			defaultConfigurationIsVisible = 0;
			defaultConfigurationName = Release;
		};
		7318E55220F378E800C7B66F /* Build configuration list for PBXNativeTarget "TransitionTests" */ = {
			isa = XCConfigurationList;
			buildConfigurations = (
				7318E55320F378E800C7B66F /* Debug */,
				7318E55420F378E800C7B66F /* Release */,
			);
			defaultConfigurationIsVisible = 0;
			defaultConfigurationName = Release;
		};
		7318E55520F378E800C7B66F /* Build configuration list for PBXNativeTarget "TransitionUITests" */ = {
			isa = XCConfigurationList;
			buildConfigurations = (
				7318E55620F378E800C7B66F /* Debug */,
				7318E55720F378E800C7B66F /* Release */,
			);
			defaultConfigurationIsVisible = 0;
			defaultConfigurationName = Release;
		};
/* End XCConfigurationList section */
	};
	rootObject = 7318E51F20F378E800C7B66F /* Project object */;
}
